
Microsoft Visual Studio Solution File, Format Version 12.00
# Visual Studio Version 16
VisualStudioVersion = 16.0.30104.148
MinimumVisualStudioVersion = 10.0.40219.1
Project("{9A19103F-16F7-4668-BE54-9A1E7A4F7556}") = "Tests", "Tests\Tests.csproj", "{AA5F6EF4-FAC9-4CBC-B7BA-488DEE020913}"
EndProject
Project("{9A19103F-16F7-4668-BE54-9A1E7A4F7556}") = "YouTubeFetcher.Core", "YouTubeFetcher.Core\YouTubeFetcher.Core.csproj", "{90684F20-A1AD-4E3D-B1CC-894D7A6F9B8F}"
EndProject
Global
	GlobalSection(SolutionConfigurationPlatforms) = preSolution
		Debug|Any CPU = Debug|Any CPU
		Release|Any CPU = Release|Any CPU
	EndGlobalSection
	GlobalSection(ProjectConfigurationPlatforms) = postSolution
		{67623946-4EB3-495F-A197-2C1CF35C4845}.Debug|Any CPU.ActiveCfg = Debug|Any CPU
		{67623946-4EB3-495F-A197-2C1CF35C4845}.Debug|Any CPU.Build.0 = Debug|Any CPU
		{67623946-4EB3-495F-A197-2C1CF35C4845}.Debug|Any CPU.Deploy.0 = Debug|Any CPU
		{67623946-4EB3-495F-A197-2C1CF35C4845}.Release|Any CPU.ActiveCfg = Release|Any CPU
		{67623946-4EB3-495F-A197-2C1CF35C4845}.Release|Any CPU.Build.0 = Release|Any CPU
		{67623946-4EB3-495F-A197-2C1CF35C4845}.Release|Any CPU.Deploy.0 = Release|Any CPU
		{AA5F6EF4-FAC9-4CBC-B7BA-488DEE020913}.Debug|Any CPU.ActiveCfg = Debug|Any CPU
		{AA5F6EF4-FAC9-4CBC-B7BA-488DEE020913}.Debug|Any CPU.Build.0 = Debug|Any CPU
		{AA5F6EF4-FAC9-4CBC-B7BA-488DEE020913}.Release|Any CPU.ActiveCfg = Release|Any CPU
		{AA5F6EF4-FAC9-4CBC-B7BA-488DEE020913}.Release|Any CPU.Build.0 = Release|Any CPU
		{90684F20-A1AD-4E3D-B1CC-894D7A6F9B8F}.Debug|Any CPU.ActiveCfg = Debug|Any CPU
		{90684F20-A1AD-4E3D-B1CC-894D7A6F9B8F}.Debug|Any CPU.Build.0 = Debug|Any CPU
		{90684F20-A1AD-4E3D-B1CC-894D7A6F9B8F}.Release|Any CPU.ActiveCfg = Release|Any CPU
		{90684F20-A1AD-4E3D-B1CC-894D7A6F9B8F}.Release|Any CPU.Build.0 = Release|Any CPU
	EndGlobalSection
	GlobalSection(SolutionProperties) = preSolution
		HideSolutionNode = FALSE
	EndGlobalSection
	GlobalSection(ExtensibilityGlobals) = postSolution
		SolutionGuid = {35E6E475-B603-4F75-AA9D-7D524B8F8AE0}
	EndGlobalSection
EndGlobal
